// !$*UTF8*$!
{
	archiveVersion = 1;
	classes = {
	};
	objectVersion = 56;
	objects = {

/* Begin PBXBuildFile section */
		3F94D5A32C4E55A30083BA6E /* Search_ExampleApp.swift in Sources */ = {isa = PBXBuildFile; fileRef = 3F94D5A22C4E55A30083BA6E /* Search_ExampleApp.swift */; };
		3F94D5A52C4E55A30083BA6E /* ContentView.swift in Sources */ = {isa = PBXBuildFile; fileRef = 3F94D5A42C4E55A30083BA6E /* ContentView.swift */; };
		3F94D5A72C4E55A50083BA6E /* Assets.xcassets in Resources */ = {isa = PBXBuildFile; fileRef = 3F94D5A62C4E55A50083BA6E /* Assets.xcassets */; };
		3F94D5AA2C4E55A50083BA6E /* Preview Assets.xcassets in Resources */ = {isa = PBXBuildFile; fileRef = 3F94D5A92C4E55A50083BA6E /* Preview Assets.xcassets */; };
		3F94D5B52C4E56680083BA6E /* DataList.swift in Sources */ = {isa = PBXBuildFile; fileRef = 3F94D5B42C4E56680083BA6E /* DataList.swift */; };
		3F94D5B72C4E56C70083BA6E /* SearchView.swift in Sources */ = {isa = PBXBuildFile; fileRef = 3F94D5B62C4E56C70083BA6E /* SearchView.swift */; };
		3F94D5BA2C4E59500083BA6E /* HomeView.swift in Sources */ = {isa = PBXBuildFile; fileRef = 3F94D5B92C4E59500083BA6E /* HomeView.swift */; };
		3F94D5BC2C4E5D300083BA6E /* FilterView.swift in Sources */ = {isa = PBXBuildFile; fileRef = 3F94D5BB2C4E5D300083BA6E /* FilterView.swift */; };
		3F94D5BF2C4E5FF30083BA6E /* ViewModel.swift in Sources */ = {isa = PBXBuildFile; fileRef = 3F94D5BE2C4E5FF30083BA6E /* ViewModel.swift */; };
		3F94D5C12C4E64320083BA6E /* abc.swift in Sources */ = {isa = PBXBuildFile; fileRef = 3F94D5C02C4E64320083BA6E /* abc.swift */; };
/* End PBXBuildFile section */

/* Begin PBXFileReference section */
		3F94D59F2C4E55A30083BA6E /* Search Example.app */ = {isa = PBXFileReference; explicitFileType = wrapper.application; includeInIndex = 0; path = "Search Example.app"; sourceTree = BUILT_PRODUCTS_DIR; };
		3F94D5A22C4E55A30083BA6E /* Search_ExampleApp.swift */ = {isa = PBXFileReference; lastKnownFileType = sourcecode.swift; path = Search_ExampleApp.swift; sourceTree = "<group>"; };
		3F94D5A42C4E55A30083BA6E /* ContentView.swift */ = {isa = PBXFileReference; lastKnownFileType = sourcecode.swift; path = ContentView.swift; sourceTree = "<group>"; };
		3F94D5A62C4E55A50083BA6E /* Assets.xcassets */ = {isa = PBXFileReference; lastKnownFileType = folder.assetcatalog; path = Assets.xcassets; sourceTree = "<group>"; };
		3F94D5A92C4E55A50083BA6E /* Preview Assets.xcassets */ = {isa = PBXFileReference; lastKnownFileType = folder.assetcatalog; path = "Preview Assets.xcassets"; sourceTree = "<group>"; };
		3F94D5B42C4E56680083BA6E /* DataList.swift */ = {isa = PBXFileReference; lastKnownFileType = sourcecode.swift; path = DataList.swift; sourceTree = "<group>"; };
		3F94D5B62C4E56C70083BA6E /* SearchView.swift */ = {isa = PBXFileReference; lastKnownFileType = sourcecode.swift; path = SearchView.swift; sourceTree = "<group>"; };
		3F94D5B92C4E59500083BA6E /* HomeView.swift */ = {isa = PBXFileReference; lastKnownFileType = sourcecode.swift; path = HomeView.swift; sourceTree = "<group>"; };
		3F94D5BB2C4E5D300083BA6E /* FilterView.swift */ = {isa = PBXFileReference; lastKnownFileType = sourcecode.swift; path = FilterView.swift; sourceTree = "<group>"; };
		3F94D5BE2C4E5FF30083BA6E /* ViewModel.swift */ = {isa = PBXFileReference; lastKnownFileType = sourcecode.swift; path = ViewModel.swift; sourceTree = "<group>"; };
		3F94D5C02C4E64320083BA6E /* abc.swift */ = {isa = PBXFileReference; lastKnownFileType = sourcecode.swift; path = abc.swift; sourceTree = "<group>"; };
/* End PBXFileReference section */

/* Begin PBXFrameworksBuildPhase section */
		3F94D59C2C4E55A30083BA6E /* Frameworks */ = {
			isa = PBXFrameworksBuildPhase;
			buildActionMask = 2147483647;
			files = (
			);
			runOnlyForDeploymentPostprocessing = 0;
		};
/* End PBXFrameworksBuildPhase section */

/* Begin PBXGroup section */
		3F94D5962C4E55A30083BA6E = {
			isa = PBXGroup;
			children = (
				3F94D5A12C4E55A30083BA6E /* Search Example */,
				3F94D5A02C4E55A30083BA6E /* Products */,
			);
			sourceTree = "<group>";
		};
		3F94D5A02C4E55A30083BA6E /* Products */ = {
			isa = PBXGroup;
			children = (
				3F94D59F2C4E55A30083BA6E /* Search Example.app */,
			);
			name = Products;
			sourceTree = "<group>";
		};
		3F94D5A12C4E55A30083BA6E /* Search Example */ = {
			isa = PBXGroup;
			children = (
				3F94D5BD2C4E5FDB0083BA6E /* ViewModel */,
				3F94D5B32C4E56410083BA6E /* Model */,
				3F94D5B22C4E562B0083BA6E /* View */,
				3F94D5A22C4E55A30083BA6E /* Search_ExampleApp.swift */,
				3F94D5A62C4E55A50083BA6E /* Assets.xcassets */,
				3F94D5A82C4E55A50083BA6E /* Preview Content */,
			);
			path = "Search Example";
			sourceTree = "<group>";
		};
		3F94D5A82C4E55A50083BA6E /* Preview Content */ = {
			isa = PBXGroup;
			children = (
				3F94D5A92C4E55A50083BA6E /* Preview Assets.xcassets */,
			);
			path = "Preview Content";
			sourceTree = "<group>";
		};
		3F94D5B22C4E562B0083BA6E /* View */ = {
			isa = PBXGroup;
			children = (
				3F94D5A42C4E55A30083BA6E /* ContentView.swift */,
				3F94D5B62C4E56C70083BA6E /* SearchView.swift */,
				3F94D5B82C4E593E0083BA6E /* SubView */,
			);
			path = View;
			sourceTree = "<group>";
		};
		3F94D5B32C4E56410083BA6E /* Model */ = {
			isa = PBXGroup;
			children = (
				3F94D5B42C4E56680083BA6E /* DataList.swift */,
			);
			path = Model;
			sourceTree = "<group>";
		};
		3F94D5B82C4E593E0083BA6E /* SubView */ = {
			isa = PBXGroup;
			children = (
				3F94D5B92C4E59500083BA6E /* HomeView.swift */,
				3F94D5BB2C4E5D300083BA6E /* FilterView.swift */,
				3F94D5C02C4E64320083BA6E /* abc.swift */,
			);
			path = SubView;
			sourceTree = "<group>";
		};
		3F94D5BD2C4E5FDB0083BA6E /* ViewModel */ = {
			isa = PBXGroup;
			children = (
				3F94D5BE2C4E5FF30083BA6E /* ViewModel.swift */,
			);
			path = ViewModel;
			sourceTree = "<group>";
		};
/* End PBXGroup section */

/* Begin PBXNativeTarget section */
		3F94D59E2C4E55A30083BA6E /* Search Example */ = {
			isa = PBXNativeTarget;
			buildConfigurationList = 3F94D5AD2C4E55A50083BA6E /* Build configuration list for PBXNativeTarget "Search Example" */;
			buildPhases = (
				3F94D59B2C4E55A30083BA6E /* Sources */,
				3F94D59C2C4E55A30083BA6E /* Frameworks */,
				3F94D59D2C4E55A30083BA6E /* Resources */,
			);
			buildRules = (
			);
			dependencies = (
			);
			name = "Search Example";
			productName = "Search Example";
			productReference = 3F94D59F2C4E55A30083BA6E /* Search Example.app */;
			productType = "com.apple.product-type.application";
		};
/* End PBXNativeTarget section */

/* Begin PBXProject section */
		3F94D5972C4E55A30083BA6E /* Project object */ = {
			isa = PBXProject;
			attributes = {
				BuildIndependentTargetsInParallel = 1;
				LastSwiftUpdateCheck = 1540;
				LastUpgradeCheck = 1540;
				TargetAttributes = {
					3F94D59E2C4E55A30083BA6E = {
						CreatedOnToolsVersion = 15.4;
					};
				};
			};
			buildConfigurationList = 3F94D59A2C4E55A30083BA6E /* Build configuration list for PBXProject "Search Example" */;
			compatibilityVersion = "Xcode 14.0";
			developmentRegion = en;
			hasScannedForEncodings = 0;
			knownRegions = (
				en,
				Base,
			);
			mainGroup = 3F94D5962C4E55A30083BA6E;
			productRefGroup = 3F94D5A02C4E55A30083BA6E /* Products */;
			projectDirPath = "";
			projectRoot = "";
			targets = (
				3F94D59E2C4E55A30083BA6E /* Search Example */,
			);
		};
/* End PBXProject section */

/* Begin PBXResourcesBuildPhase section */
		3F94D59D2C4E55A30083BA6E /* Resources */ = {
			isa = PBXResourcesBuildPhase;
			buildActionMask = 2147483647;
			files = (
				3F94D5AA2C4E55A50083BA6E /* Preview Assets.xcassets in Resources */,
				3F94D5A72C4E55A50083BA6E /* Assets.xcassets in Resources */,
			);
			runOnlyForDeploymentPostprocessing = 0;
		};
/* End PBXResourcesBuildPhase section */

/* Begin PBXSourcesBuildPhase section */
		3F94D59B2C4E55A30083BA6E /* Sources */ = {
			isa = PBXSourcesBuildPhase;
			buildActionMask = 2147483647;
			files = (
				3F94D5B72C4E56C70083BA6E /* SearchView.swift in Sources */,
				3F94D5B52C4E56680083BA6E /* DataList.swift in Sources */,
				3F94D5C12C4E64320083BA6E /* abc.swift in Sources */,
				3F94D5A52C4E55A30083BA6E /* ContentView.swift in Sources */,
				3F94D5BA2C4E59500083BA6E /* HomeView.swift in Sources */,
				3F94D5BC2C4E5D300083BA6E /* FilterView.swift in Sources */,
				3F94D5A32C4E55A30083BA6E /* Search_ExampleApp.swift in Sources */,
				3F94D5BF2C4E5FF30083BA6E /* ViewModel.swift in Sources */,
			);
			runOnlyForDeploymentPostprocessing = 0;
		};
/* End PBXSourcesBuildPhase section */

/* Begin XCBuildConfiguration section */
		3F94D5AB2C4E55A50083BA6E /* Debug */ = {
			isa = XCBuildConfiguration;
			buildSettings = {
				ALWAYS_SEARCH_USER_PATHS = NO;
				ASSETCATALOG_COMPILER_GENERATE_SWIFT_ASSET_SYMBOL_EXTENSIONS = YES;
				CLANG_ANALYZER_NONNULL = YES;
				CLANG_ANALYZER_NUMBER_OBJECT_CONVERSION = YES_AGGRESSIVE;
				CLANG_CXX_LANGUAGE_STANDARD = "gnu++20";
				CLANG_ENABLE_MODULES = YES;
				CLANG_ENABLE_OBJC_ARC = YES;
				CLANG_ENABLE_OBJC_WEAK = YES;
				CLANG_WARN_BLOCK_CAPTURE_AUTORELEASING = YES;
				CLANG_WARN_BOOL_CONVERSION = YES;
				CLANG_WARN_COMMA = YES;
				CLANG_WARN_CONSTANT_CONVERSION = YES;
				CLANG_WARN_DEPRECATED_OBJC_IMPLEMENTATIONS = YES;
				CLANG_WARN_DIRECT_OBJC_ISA_USAGE = YES_ERROR;
				CLANG_WARN_DOCUMENTATION_COMMENTS = YES;
				CLANG_WARN_EMPTY_BODY = YES;
				CLANG_WARN_ENUM_CONVERSION = YES;
				CLANG_WARN_INFINITE_RECURSION = YES;
				CLANG_WARN_INT_CONVERSION = YES;
				CLANG_WARN_NON_LITERAL_NULL_CONVERSION = YES;
				CLANG_WARN_OBJC_IMPLICIT_RETAIN_SELF = YES;
				CLANG_WARN_OBJC_LITERAL_CONVERSION = YES;
				CLANG_WARN_OBJC_ROOT_CLASS = YES_ERROR;
				CLANG_WARN_QUOTED_INCLUDE_IN_FRAMEWORK_HEADER = YES;
				CLANG_WARN_RANGE_LOOP_ANALYSIS = YES;
				CLANG_WARN_STRICT_PROTOTYPES = YES;
				CLANG_WARN_SUSPICIOUS_MOVE = YES;
				CLANG_WARN_UNGUARDED_AVAILABILITY = YES_AGGRESSIVE;
				CLANG_WARN_UNREACHABLE_CODE = YES;
				CLANG_WARN__DUPLICATE_METHOD_MATCH = YES;
				COPY_PHASE_STRIP = NO;
				DEBUG_INFORMATION_FORMAT = dwarf;
				ENABLE_STRICT_OBJC_MSGSEND = YES;
				ENABLE_TESTABILITY = YES;
				ENABLE_USER_SCRIPT_SANDBOXING = YES;
				GCC_C_LANGUAGE_STANDARD = gnu17;
				GCC_DYNAMIC_NO_PIC = NO;
				GCC_NO_COMMON_BLOCKS = YES;
				GCC_OPTIMIZATION_LEVEL = 0;
				GCC_PREPROCESSOR_DEFINITIONS = (
					"DEBUG=1",
					"$(inherited)",
				);
				GCC_WARN_64_TO_32_BIT_CONVERSION = YES;
				GCC_WARN_ABOUT_RETURN_TYPE = YES_ERROR;
				GCC_WARN_UNDECLARED_SELECTOR = YES;
				GCC_WARN_UNINITIALIZED_AUTOS = YES_AGGRESSIVE;
				GCC_WARN_UNUSED_FUNCTION = YES;
				GCC_WARN_UNUSED_VARIABLE = YES;
				IPHONEOS_DEPLOYMENT_TARGET = 17.5;
				LOCALIZATION_PREFERS_STRING_CATALOGS = YES;
				MTL_ENABLE_DEBUG_INFO = INCLUDE_SOURCE;
				MTL_FAST_MATH = YES;
				ONLY_ACTIVE_ARCH = YES;
				SDKROOT = iphoneos;
				SWIFT_ACTIVE_COMPILATION_CONDITIONS = "DEBUG $(inherited)";
				SWIFT_OPTIMIZATION_LEVEL = "-Onone";
			};
			name = Debug;
		};
		3F94D5AC2C4E55A50083BA6E /* Release */ = {
			isa = XCBuildConfiguration;
			buildSettings = {
				ALWAYS_SEARCH_USER_PATHS = NO;
				ASSETCATALOG_COMPILER_GENERATE_SWIFT_ASSET_SYMBOL_EXTENSIONS = YES;
				CLANG_ANALYZER_NONNULL = YES;
				CLANG_ANALYZER_NUMBER_OBJECT_CONVERSION = YES_AGGRESSIVE;
				CLANG_CXX_LANGUAGE_STANDARD = "gnu++20";
				CLANG_ENABLE_MODULES = YES;
				CLANG_ENABLE_OBJC_ARC = YES;
				CLANG_ENABLE_OBJC_WEAK = YES;
				CLANG_WARN_BLOCK_CAPTURE_AUTORELEASING = YES;
				CLANG_WARN_BOOL_CONVERSION = YES;
				CLANG_WARN_COMMA = YES;
				CLANG_WARN_CONSTANT_CONVERSION = YES;
				CLANG_WARN_DEPRECATED_OBJC_IMPLEMENTATIONS = YES;
				CLANG_WARN_DIRECT_OBJC_ISA_USAGE = YES_ERROR;
				CLANG_WARN_DOCUMENTATION_COMMENTS = YES;
				CLANG_WARN_EMPTY_BODY = YES;
				CLANG_WARN_ENUM_CONVERSION = YES;
				CLANG_WARN_INFINITE_RECURSION = YES;
				CLANG_WARN_INT_CONVERSION = YES;
				CLANG_WARN_NON_LITERAL_NULL_CONVERSION = YES;
				CLANG_WARN_OBJC_IMPLICIT_RETAIN_SELF = YES;
				CLANG_WARN_OBJC_LITERAL_CONVERSION = YES;
				CLANG_WARN_OBJC_ROOT_CLASS = YES_ERROR;
				CLANG_WARN_QUOTED_INCLUDE_IN_FRAMEWORK_HEADER = YES;
				CLANG_WARN_RANGE_LOOP_ANALYSIS = YES;
				CLANG_WARN_STRICT_PROTOTYPES = YES;
				CLANG_WARN_SUSPICIOUS_MOVE = YES;
				CLANG_WARN_UNGUARDED_AVAILABILITY = YES_AGGRESSIVE;
				CLANG_WARN_UNREACHABLE_CODE = YES;
				CLANG_WARN__DUPLICATE_METHOD_MATCH = YES;
				COPY_PHASE_STRIP = NO;
				DEBUG_INFORMATION_FORMAT = "dwarf-with-dsym";
				ENABLE_NS_ASSERTIONS = NO;
				ENABLE_STRICT_OBJC_MSGSEND = YES;
				ENABLE_USER_SCRIPT_SANDBOXING = YES;
				GCC_C_LANGUAGE_STANDARD = gnu17;
				GCC_NO_COMMON_BLOCKS = YES;
				GCC_WARN_64_TO_32_BIT_CONVERSION = YES;
				GCC_WARN_ABOUT_RETURN_TYPE = YES_ERROR;
				GCC_WARN_UNDECLARED_SELECTOR = YES;
				GCC_WARN_UNINITIALIZED_AUTOS = YES_AGGRESSIVE;
				GCC_WARN_UNUSED_FUNCTION = YES;
				GCC_WARN_UNUSED_VARIABLE = YES;
				IPHONEOS_DEPLOYMENT_TARGET = 17.5;
				LOCALIZATION_PREFERS_STRING_CATALOGS = YES;
				MTL_ENABLE_DEBUG_INFO = NO;
				MTL_FAST_MATH = YES;
				SDKROOT = iphoneos;
				SWIFT_COMPILATION_MODE = wholemodule;
				VALIDATE_PRODUCT = YES;
			};
			name = Release;
		};
		3F94D5AE2C4E55A50083BA6E /* Debug */ = {
			isa = XCBuildConfiguration;
			buildSettings = {
				ASSETCATALOG_COMPILER_APPICON_NAME = AppIcon;
				ASSETCATALOG_COMPILER_GLOBAL_ACCENT_COLOR_NAME = AccentColor;
				CODE_SIGN_STYLE = Automatic;
				CURRENT_PROJECT_VERSION = 1;
				DEVELOPMENT_ASSET_PATHS = "\"Search Example/Preview Content\"";
				ENABLE_PREVIEWS = YES;
				GENERATE_INFOPLIST_FILE = YES;
				INFOPLIST_KEY_UIApplicationSceneManifest_Generation = YES;
				INFOPLIST_KEY_UIApplicationSupportsIndirectInputEvents = YES;
				INFOPLIST_KEY_UILaunchScreen_Generation = YES;
				INFOPLIST_KEY_UISupportedInterfaceOrientations_iPad = "UIInterfaceOrientationPortrait UIInterfaceOrientationPortraitUpsideDown UIInterfaceOrientationLandscapeLeft UIInterfaceOrientationLandscapeRight";
				INFOPLIST_KEY_UISupportedInterfaceOrientations_iPhone = "UIInterfaceOrientationPortrait UIInterfaceOrientationLandscapeLeft UIInterfaceOrientationLandscapeRight";
				LD_RUNPATH_SEARCH_PATHS = (
					"$(inherited)",
					"@executable_path/Frameworks",
				);
				MARKETING_VERSION = 1.0;
				PRODUCT_BUNDLE_IDENTIFIER = "com.ios.App.Search-Example";
				PRODUCT_NAME = "$(TARGET_NAME)";
				SWIFT_EMIT_LOC_STRINGS = YES;
				SWIFT_VERSION = 5.0;
				TARGETED_DEVICE_FAMILY = "1,2";
			};
			name = Debug;
		};
		3F94D5AF2C4E55A50083BA6E /* Release */ = {
			isa = XCBuildConfiguration;
			buildSettings = {
				ASSETCATALOG_COMPILER_APPICON_NAME = AppIcon;
				ASSETCATALOG_COMPILER_GLOBAL_ACCENT_COLOR_NAME = AccentColor;
				CODE_SIGN_STYLE = Automatic;
				CURRENT_PROJECT_VERSION = 1;
				DEVELOPMENT_ASSET_PATHS = "\"Search Example/Preview Content\"";
				ENABLE_PREVIEWS = YES;
				GENERATE_INFOPLIST_FILE = YES;
				INFOPLIST_KEY_UIApplicationSceneManifest_Generation = YES;
				INFOPLIST_KEY_UIApplicationSupportsIndirectInputEvents = YES;
				INFOPLIST_KEY_UILaunchScreen_Generation = YES;
				INFOPLIST_KEY_UISupportedInterfaceOrientations_iPad = "UIInterfaceOrientationPortrait UIInterfaceOrientationPortraitUpsideDown UIInterfaceOrientationLandscapeLeft UIInterfaceOrientationLandscapeRight";
				INFOPLIST_KEY_UISupportedInterfaceOrientations_iPhone = "UIInterfaceOrientationPortrait UIInterfaceOrientationLandscapeLeft UIInterfaceOrientationLandscapeRight";
				LD_RUNPATH_SEARCH_PATHS = (
					"$(inherited)",
					"@executable_path/Frameworks",
				);
				MARKETING_VERSION = 1.0;
				PRODUCT_BUNDLE_IDENTIFIER = "com.ios.App.Search-Example";
				PRODUCT_NAME = "$(TARGET_NAME)";
				SWIFT_EMIT_LOC_STRINGS = YES;
				SWIFT_VERSION = 5.0;
				TARGETED_DEVICE_FAMILY = "1,2";
			};
			name = Release;
		};
/* End XCBuildConfiguration section */

/* Begin XCConfigurationList section */
		3F94D59A2C4E55A30083BA6E /* Build configuration list for PBXProject "Search Example" */ = {
			isa = XCConfigurationList;
			buildConfigurations = (
				3F94D5AB2C4E55A50083BA6E /* Debug */,
				3F94D5AC2C4E55A50083BA6E /* Release */,
			);
			defaultConfigurationIsVisible = 0;
			defaultConfigurationName = Release;
		};
		3F94D5AD2C4E55A50083BA6E /* Build configuration list for PBXNativeTarget "Search Example" */ = {
			isa = XCConfigurationList;
			buildConfigurations = (
				3F94D5AE2C4E55A50083BA6E /* Debug */,
				3F94D5AF2C4E55A50083BA6E /* Release */,
			);
			defaultConfigurationIsVisible = 0;
			defaultConfigurationName = Release;
		};
/* End XCConfigurationList section */
	};
	rootObject = 3F94D5972C4E55A30083BA6E /* Project object */;
}
